// !$*UTF8*$!
{
	archiveVersion = 1;
	classes = {
	};
	objectVersion = 50;
	objects = {

/* Begin PBXBuildFile section */
		6941B75E26DB96C800EB4EB4 /* clientApp.swift in Sources */ = {isa = PBXBuildFile; fileRef = 6941B75D26DB96C800EB4EB4 /* clientApp.swift */; };
		6941B76026DB96C800EB4EB4 /* ContentView.swift in Sources */ = {isa = PBXBuildFile; fileRef = 6941B75F26DB96C800EB4EB4 /* ContentView.swift */; };
		6941B76226DB96CA00EB4EB4 /* Assets.xcassets in Resources */ = {isa = PBXBuildFile; fileRef = 6941B76126DB96CA00EB4EB4 /* Assets.xcassets */; };
		6941B76526DB96CA00EB4EB4 /* Preview Assets.xcassets in Resources */ = {isa = PBXBuildFile; fileRef = 6941B76426DB96CA00EB4EB4 /* Preview Assets.xcassets */; };
		6941B77026DB96CB00EB4EB4 /* clientTests.swift in Sources */ = {isa = PBXBuildFile; fileRef = 6941B76F26DB96CB00EB4EB4 /* clientTests.swift */; };
		6941B77B26DB96CB00EB4EB4 /* clientUITests.swift in Sources */ = {isa = PBXBuildFile; fileRef = 6941B77A26DB96CB00EB4EB4 /* clientUITests.swift */; };
/* End PBXBuildFile section */

/* Begin PBXContainerItemProxy section */
		6941B76C26DB96CB00EB4EB4 /* PBXContainerItemProxy */ = {
			isa = PBXContainerItemProxy;
			containerPortal = 6941B75226DB96C800EB4EB4 /* Project object */;
			proxyType = 1;
			remoteGlobalIDString = 6941B75926DB96C800EB4EB4;
			remoteInfo = client;
		};
		6941B77726DB96CB00EB4EB4 /* PBXContainerItemProxy */ = {
			isa = PBXContainerItemProxy;
			containerPortal = 6941B75226DB96C800EB4EB4 /* Project object */;
			proxyType = 1;
			remoteGlobalIDString = 6941B75926DB96C800EB4EB4;
			remoteInfo = client;
		};
/* End PBXContainerItemProxy section */

/* Begin PBXFileReference section */
		6941B75A26DB96C800EB4EB4 /* client.app */ = {isa = PBXFileReference; explicitFileType = wrapper.application; includeInIndex = 0; path = client.app; sourceTree = BUILT_PRODUCTS_DIR; };
		6941B75D26DB96C800EB4EB4 /* clientApp.swift */ = {isa = PBXFileReference; lastKnownFileType = sourcecode.swift; path = clientApp.swift; sourceTree = "<group>"; };
		6941B75F26DB96C800EB4EB4 /* ContentView.swift */ = {isa = PBXFileReference; lastKnownFileType = sourcecode.swift; path = ContentView.swift; sourceTree = "<group>"; };
		6941B76126DB96CA00EB4EB4 /* Assets.xcassets */ = {isa = PBXFileReference; lastKnownFileType = folder.assetcatalog; path = Assets.xcassets; sourceTree = "<group>"; };
		6941B76426DB96CA00EB4EB4 /* Preview Assets.xcassets */ = {isa = PBXFileReference; lastKnownFileType = folder.assetcatalog; path = "Preview Assets.xcassets"; sourceTree = "<group>"; };
		6941B76626DB96CA00EB4EB4 /* Info.plist */ = {isa = PBXFileReference; lastKnownFileType = text.plist.xml; path = Info.plist; sourceTree = "<group>"; };
		6941B76B26DB96CB00EB4EB4 /* clientTests.xctest */ = {isa = PBXFileReference; explicitFileType = wrapper.cfbundle; includeInIndex = 0; path = clientTests.xctest; sourceTree = BUILT_PRODUCTS_DIR; };
		6941B76F26DB96CB00EB4EB4 /* clientTests.swift */ = {isa = PBXFileReference; lastKnownFileType = sourcecode.swift; path = clientTests.swift; sourceTree = "<group>"; };
		6941B77126DB96CB00EB4EB4 /* Info.plist */ = {isa = PBXFileReference; lastKnownFileType = text.plist.xml; path = Info.plist; sourceTree = "<group>"; };
		6941B77626DB96CB00EB4EB4 /* clientUITests.xctest */ = {isa = PBXFileReference; explicitFileType = wrapper.cfbundle; includeInIndex = 0; path = clientUITests.xctest; sourceTree = BUILT_PRODUCTS_DIR; };
		6941B77A26DB96CB00EB4EB4 /* clientUITests.swift */ = {isa = PBXFileReference; lastKnownFileType = sourcecode.swift; path = clientUITests.swift; sourceTree = "<group>"; };
		6941B77C26DB96CB00EB4EB4 /* Info.plist */ = {isa = PBXFileReference; lastKnownFileType = text.plist.xml; path = Info.plist; sourceTree = "<group>"; };
/* End PBXFileReference section */

/* Begin PBXFrameworksBuildPhase section */
		6941B75726DB96C800EB4EB4 /* Frameworks */ = {
			isa = PBXFrameworksBuildPhase;
			buildActionMask = 2147483647;
			files = (
			);
			runOnlyForDeploymentPostprocessing = 0;
		};
		6941B76826DB96CB00EB4EB4 /* Frameworks */ = {
			isa = PBXFrameworksBuildPhase;
			buildActionMask = 2147483647;
			files = (
			);
			runOnlyForDeploymentPostprocessing = 0;
		};
		6941B77326DB96CB00EB4EB4 /* Frameworks */ = {
			isa = PBXFrameworksBuildPhase;
			buildActionMask = 2147483647;
			files = (
			);
			runOnlyForDeploymentPostprocessing = 0;
		};
/* End PBXFrameworksBuildPhase section */

/* Begin PBXGroup section */
		6941B75126DB96C800EB4EB4 = {
			isa = PBXGroup;
			children = (
				6941B75C26DB96C800EB4EB4 /* client */,
				6941B76E26DB96CB00EB4EB4 /* clientTests */,
				6941B77926DB96CB00EB4EB4 /* clientUITests */,
				6941B75B26DB96C800EB4EB4 /* Products */,
			);
			sourceTree = "<group>";
		};
		6941B75B26DB96C800EB4EB4 /* Products */ = {
			isa = PBXGroup;
			children = (
				6941B75A26DB96C800EB4EB4 /* client.app */,
				6941B76B26DB96CB00EB4EB4 /* clientTests.xctest */,
				6941B77626DB96CB00EB4EB4 /* clientUITests.xctest */,
			);
			name = Products;
			sourceTree = "<group>";
		};
		6941B75C26DB96C800EB4EB4 /* client */ = {
			isa = PBXGroup;
			children = (
				6941B75D26DB96C800EB4EB4 /* clientApp.swift */,
				6941B75F26DB96C800EB4EB4 /* ContentView.swift */,
				6941B76126DB96CA00EB4EB4 /* Assets.xcassets */,
				6941B76626DB96CA00EB4EB4 /* Info.plist */,
				6941B76326DB96CA00EB4EB4 /* Preview Content */,
			);
			path = client;
			sourceTree = "<group>";
		};
		6941B76326DB96CA00EB4EB4 /* Preview Content */ = {
			isa = PBXGroup;
			children = (
				6941B76426DB96CA00EB4EB4 /* Preview Assets.xcassets */,
			);
			path = "Preview Content";
			sourceTree = "<group>";
		};
		6941B76E26DB96CB00EB4EB4 /* clientTests */ = {
			isa = PBXGroup;
			children = (
				6941B76F26DB96CB00EB4EB4 /* clientTests.swift */,
				6941B77126DB96CB00EB4EB4 /* Info.plist */,
			);
			path = clientTests;
			sourceTree = "<group>";
		};
		6941B77926DB96CB00EB4EB4 /* clientUITests */ = {
			isa = PBXGroup;
			children = (
				6941B77A26DB96CB00EB4EB4 /* clientUITests.swift */,
				6941B77C26DB96CB00EB4EB4 /* Info.plist */,
			);
			path = clientUITests;
			sourceTree = "<group>";
		};
/* End PBXGroup section */

/* Begin PBXNativeTarget section */
		6941B75926DB96C800EB4EB4 /* client */ = {
			isa = PBXNativeTarget;
			buildConfigurationList = 6941B77F26DB96CB00EB4EB4 /* Build configuration list for PBXNativeTarget "client" */;
			buildPhases = (
				6941B75626DB96C800EB4EB4 /* Sources */,
				6941B75726DB96C800EB4EB4 /* Frameworks */,
				6941B75826DB96C800EB4EB4 /* Resources */,
			);
			buildRules = (
			);
			dependencies = (
			);
			name = client;
			productName = client;
			productReference = 6941B75A26DB96C800EB4EB4 /* client.app */;
			productType = "com.apple.product-type.application";
		};
		6941B76A26DB96CB00EB4EB4 /* clientTests */ = {
			isa = PBXNativeTarget;
			buildConfigurationList = 6941B78226DB96CB00EB4EB4 /* Build configuration list for PBXNativeTarget "clientTests" */;
			buildPhases = (
				6941B76726DB96CB00EB4EB4 /* Sources */,
				6941B76826DB96CB00EB4EB4 /* Frameworks */,
				6941B76926DB96CB00EB4EB4 /* Resources */,
			);
			buildRules = (
			);
			dependencies = (
				6941B76D26DB96CB00EB4EB4 /* PBXTargetDependency */,
			);
			name = clientTests;
			productName = clientTests;
			productReference = 6941B76B26DB96CB00EB4EB4 /* clientTests.xctest */;
			productType = "com.apple.product-type.bundle.unit-test";
		};
		6941B77526DB96CB00EB4EB4 /* clientUITests */ = {
			isa = PBXNativeTarget;
			buildConfigurationList = 6941B78526DB96CB00EB4EB4 /* Build configuration list for PBXNativeTarget "clientUITests" */;
			buildPhases = (
				6941B77226DB96CB00EB4EB4 /* Sources */,
				6941B77326DB96CB00EB4EB4 /* Frameworks */,
				6941B77426DB96CB00EB4EB4 /* Resources */,
			);
			buildRules = (
			);
			dependencies = (
				6941B77826DB96CB00EB4EB4 /* PBXTargetDependency */,
			);
			name = clientUITests;
			productName = clientUITests;
			productReference = 6941B77626DB96CB00EB4EB4 /* clientUITests.xctest */;
			productType = "com.apple.product-type.bundle.ui-testing";
		};
/* End PBXNativeTarget section */

/* Begin PBXProject section */
		6941B75226DB96C800EB4EB4 /* Project object */ = {
			isa = PBXProject;
			attributes = {
				LastSwiftUpdateCheck = 1250;
				LastUpgradeCheck = 1250;
				TargetAttributes = {
					6941B75926DB96C800EB4EB4 = {
						CreatedOnToolsVersion = 12.5.1;
					};
					6941B76A26DB96CB00EB4EB4 = {
						CreatedOnToolsVersion = 12.5.1;
						TestTargetID = 6941B75926DB96C800EB4EB4;
					};
					6941B77526DB96CB00EB4EB4 = {
						CreatedOnToolsVersion = 12.5.1;
						TestTargetID = 6941B75926DB96C800EB4EB4;
					};
				};
			};
			buildConfigurationList = 6941B75526DB96C800EB4EB4 /* Build configuration list for PBXProject "client" */;
			compatibilityVersion = "Xcode 9.3";
			developmentRegion = en;
			hasScannedForEncodings = 0;
			knownRegions = (
				en,
				Base,
			);
			mainGroup = 6941B75126DB96C800EB4EB4;
			productRefGroup = 6941B75B26DB96C800EB4EB4 /* Products */;
			projectDirPath = "";
			projectRoot = "";
			targets = (
				6941B75926DB96C800EB4EB4 /* client */,
				6941B76A26DB96CB00EB4EB4 /* clientTests */,
				6941B77526DB96CB00EB4EB4 /* clientUITests */,
			);
		};
/* End PBXProject section */

/* Begin PBXResourcesBuildPhase section */
		6941B75826DB96C800EB4EB4 /* Resources */ = {
			isa = PBXResourcesBuildPhase;
			buildActionMask = 2147483647;
			files = (
				6941B76526DB96CA00EB4EB4 /* Preview Assets.xcassets in Resources */,
				6941B76226DB96CA00EB4EB4 /* Assets.xcassets in Resources */,
			);
			runOnlyForDeploymentPostprocessing = 0;
		};
		6941B76926DB96CB00EB4EB4 /* Resources */ = {
			isa = PBXResourcesBuildPhase;
			buildActionMask = 2147483647;
			files = (
			);
			runOnlyForDeploymentPostprocessing = 0;
		};
		6941B77426DB96CB00EB4EB4 /* Resources */ = {
			isa = PBXResourcesBuildPhase;
			buildActionMask = 2147483647;
			files = (
			);
			runOnlyForDeploymentPostprocessing = 0;
		};
/* End PBXResourcesBuildPhase section */

/* Begin PBXSourcesBuildPhase section */
		6941B75626DB96C800EB4EB4 /* Sources */ = {
			isa = PBXSourcesBuildPhase;
			buildActionMask = 2147483647;
			files = (
				6941B76026DB96C800EB4EB4 /* ContentView.swift in Sources */,
				6941B75E26DB96C800EB4EB4 /* clientApp.swift in Sources */,
			);
			runOnlyForDeploymentPostprocessing = 0;
		};
		6941B76726DB96CB00EB4EB4 /* Sources */ = {
			isa = PBXSourcesBuildPhase;
			buildActionMask = 2147483647;
			files = (
				6941B77026DB96CB00EB4EB4 /* clientTests.swift in Sources */,
			);
			runOnlyForDeploymentPostprocessing = 0;
		};
		6941B77226DB96CB00EB4EB4 /* Sources */ = {
			isa = PBXSourcesBuildPhase;
			buildActionMask = 2147483647;
			files = (
				6941B77B26DB96CB00EB4EB4 /* clientUITests.swift in Sources */,
			);
			runOnlyForDeploymentPostprocessing = 0;
		};
/* End PBXSourcesBuildPhase section */

/* Begin PBXTargetDependency section */
		6941B76D26DB96CB00EB4EB4 /* PBXTargetDependency */ = {
			isa = PBXTargetDependency;
			target = 6941B75926DB96C800EB4EB4 /* client */;
			targetProxy = 6941B76C26DB96CB00EB4EB4 /* PBXContainerItemProxy */;
		};
		6941B77826DB96CB00EB4EB4 /* PBXTargetDependency */ = {
			isa = PBXTargetDependency;
			target = 6941B75926DB96C800EB4EB4 /* client */;
			targetProxy = 6941B77726DB96CB00EB4EB4 /* PBXContainerItemProxy */;
		};
/* End PBXTargetDependency section */

/* Begin XCBuildConfiguration section */
		6941B77D26DB96CB00EB4EB4 /* Debug */ = {
			isa = XCBuildConfiguration;
			buildSettings = {
				ALWAYS_SEARCH_USER_PATHS = NO;
				CLANG_ANALYZER_NONNULL = YES;
				CLANG_ANALYZER_NUMBER_OBJECT_CONVERSION = YES_AGGRESSIVE;
				CLANG_CXX_LANGUAGE_STANDARD = "gnu++14";
				CLANG_CXX_LIBRARY = "libc++";
				CLANG_ENABLE_MODULES = YES;
				CLANG_ENABLE_OBJC_ARC = YES;
				CLANG_ENABLE_OBJC_WEAK = YES;
				CLANG_WARN_BLOCK_CAPTURE_AUTORELEASING = YES;
				CLANG_WARN_BOOL_CONVERSION = YES;
				CLANG_WARN_COMMA = YES;
				CLANG_WARN_CONSTANT_CONVERSION = YES;
				CLANG_WARN_DEPRECATED_OBJC_IMPLEMENTATIONS = YES;
				CLANG_WARN_DIRECT_OBJC_ISA_USAGE = YES_ERROR;
				CLANG_WARN_DOCUMENTATION_COMMENTS = YES;
				CLANG_WARN_EMPTY_BODY = YES;
				CLANG_WARN_ENUM_CONVERSION = YES;
				CLANG_WARN_INFINITE_RECURSION = YES;
				CLANG_WARN_INT_CONVERSION = YES;
				CLANG_WARN_NON_LITERAL_NULL_CONVERSION = YES;
				CLANG_WARN_OBJC_IMPLICIT_RETAIN_SELF = YES;
				CLANG_WARN_OBJC_LITERAL_CONVERSION = YES;
				CLANG_WARN_OBJC_ROOT_CLASS = YES_ERROR;
				CLANG_WARN_QUOTED_INCLUDE_IN_FRAMEWORK_HEADER = YES;
				CLANG_WARN_RANGE_LOOP_ANALYSIS = YES;
				CLANG_WARN_STRICT_PROTOTYPES = YES;
				CLANG_WARN_SUSPICIOUS_MOVE = YES;
				CLANG_WARN_UNGUARDED_AVAILABILITY = YES_AGGRESSIVE;
				CLANG_WARN_UNREACHABLE_CODE = YES;
				CLANG_WARN__DUPLICATE_METHOD_MATCH = YES;
				COPY_PHASE_STRIP = NO;
				DEBUG_INFORMATION_FORMAT = dwarf;
				ENABLE_STRICT_OBJC_MSGSEND = YES;
				ENABLE_TESTABILITY = YES;
				GCC_C_LANGUAGE_STANDARD = gnu11;
				GCC_DYNAMIC_NO_PIC = NO;
				GCC_NO_COMMON_BLOCKS = YES;
				GCC_OPTIMIZATION_LEVEL = 0;
				GCC_PREPROCESSOR_DEFINITIONS = (
					"DEBUG=1",
					"$(inherited)",
				);
				GCC_WARN_64_TO_32_BIT_CONVERSION = YES;
				GCC_WARN_ABOUT_RETURN_TYPE = YES_ERROR;
				GCC_WARN_UNDECLARED_SELECTOR = YES;
				GCC_WARN_UNINITIALIZED_AUTOS = YES_AGGRESSIVE;
				GCC_WARN_UNUSED_FUNCTION = YES;
				GCC_WARN_UNUSED_VARIABLE = YES;
				IPHONEOS_DEPLOYMENT_TARGET = 14.5;
				MTL_ENABLE_DEBUG_INFO = INCLUDE_SOURCE;
				MTL_FAST_MATH = YES;
				ONLY_ACTIVE_ARCH = YES;
				SDKROOT = iphoneos;
				SWIFT_ACTIVE_COMPILATION_CONDITIONS = DEBUG;
				SWIFT_OPTIMIZATION_LEVEL = "-Onone";
			};
			name = Debug;
		};
		6941B77E26DB96CB00EB4EB4 /* Release */ = {
			isa = XCBuildConfiguration;
			buildSettings = {
				ALWAYS_SEARCH_USER_PATHS = NO;
				CLANG_ANALYZER_NONNULL = YES;
				CLANG_ANALYZER_NUMBER_OBJECT_CONVERSION = YES_AGGRESSIVE;
				CLANG_CXX_LANGUAGE_STANDARD = "gnu++14";
				CLANG_CXX_LIBRARY = "libc++";
				CLANG_ENABLE_MODULES = YES;
				CLANG_ENABLE_OBJC_ARC = YES;
				CLANG_ENABLE_OBJC_WEAK = YES;
				CLANG_WARN_BLOCK_CAPTURE_AUTORELEASING = YES;
				CLANG_WARN_BOOL_CONVERSION = YES;
				CLANG_WARN_COMMA = YES;
				CLANG_WARN_CONSTANT_CONVERSION = YES;
				CLANG_WARN_DEPRECATED_OBJC_IMPLEMENTATIONS = YES;
				CLANG_WARN_DIRECT_OBJC_ISA_USAGE = YES_ERROR;
				CLANG_WARN_DOCUMENTATION_COMMENTS = YES;
				CLANG_WARN_EMPTY_BODY = YES;
				CLANG_WARN_ENUM_CONVERSION = YES;
				CLANG_WARN_INFINITE_RECURSION = YES;
				CLANG_WARN_INT_CONVERSION = YES;
				CLANG_WARN_NON_LITERAL_NULL_CONVERSION = YES;
				CLANG_WARN_OBJC_IMPLICIT_RETAIN_SELF = YES;
				CLANG_WARN_OBJC_LITERAL_CONVERSION = YES;
				CLANG_WARN_OBJC_ROOT_CLASS = YES_ERROR;
				CLANG_WARN_QUOTED_INCLUDE_IN_FRAMEWORK_HEADER = YES;
				CLANG_WARN_RANGE_LOOP_ANALYSIS = YES;
				CLANG_WARN_STRICT_PROTOTYPES = YES;
				CLANG_WARN_SUSPICIOUS_MOVE = YES;
				CLANG_WARN_UNGUARDED_AVAILABILITY = YES_AGGRESSIVE;
				CLANG_WARN_UNREACHABLE_CODE = YES;
				CLANG_WARN__DUPLICATE_METHOD_MATCH = YES;
				COPY_PHASE_STRIP = NO;
				DEBUG_INFORMATION_FORMAT = "dwarf-with-dsym";
				ENABLE_NS_ASSERTIONS = NO;
				ENABLE_STRICT_OBJC_MSGSEND = YES;
				GCC_C_LANGUAGE_STANDARD = gnu11;
				GCC_NO_COMMON_BLOCKS = YES;
				GCC_WARN_64_TO_32_BIT_CONVERSION = YES;
				GCC_WARN_ABOUT_RETURN_TYPE = YES_ERROR;
				GCC_WARN_UNDECLARED_SELECTOR = YES;
				GCC_WARN_UNINITIALIZED_AUTOS = YES_AGGRESSIVE;
				GCC_WARN_UNUSED_FUNCTION = YES;
				GCC_WARN_UNUSED_VARIABLE = YES;
				IPHONEOS_DEPLOYMENT_TARGET = 14.5;
				MTL_ENABLE_DEBUG_INFO = NO;
				MTL_FAST_MATH = YES;
				SDKROOT = iphoneos;
				SWIFT_COMPILATION_MODE = wholemodule;
				SWIFT_OPTIMIZATION_LEVEL = "-O";
				VALIDATE_PRODUCT = YES;
			};
			name = Release;
		};
		6941B78026DB96CB00EB4EB4 /* Debug */ = {
			isa = XCBuildConfiguration;
			buildSettings = {
				ASSETCATALOG_COMPILER_APPICON_NAME = AppIcon;
				ASSETCATALOG_COMPILER_GLOBAL_ACCENT_COLOR_NAME = AccentColor;
				CODE_SIGN_STYLE = Automatic;
				DEVELOPMENT_ASSET_PATHS = "\"client/Preview Content\"";
				DEVELOPMENT_TEAM = N4EV3W64CV;
				ENABLE_PREVIEWS = YES;
				INFOPLIST_FILE = client/Info.plist;
				IPHONEOS_DEPLOYMENT_TARGET = 14.0;
				LD_RUNPATH_SEARCH_PATHS = (
					"$(inherited)",
					"@executable_path/Frameworks",
				);
				PRODUCT_BUNDLE_IDENTIFIER = com.benjaminchatapp.client;
				PRODUCT_NAME = "$(TARGET_NAME)";
				SWIFT_VERSION = 5.0;
				TARGETED_DEVICE_FAMILY = "1,2";
			};
			name = Debug;
		};
		6941B78126DB96CB00EB4EB4 /* Release */ = {
			isa = XCBuildConfiguration;
			buildSettings = {
				ASSETCATALOG_COMPILER_APPICON_NAME = AppIcon;
				ASSETCATALOG_COMPILER_GLOBAL_ACCENT_COLOR_NAME = AccentColor;
				CODE_SIGN_STYLE = Automatic;
				DEVELOPMENT_ASSET_PATHS = "\"client/Preview Content\"";
				DEVELOPMENT_TEAM = N4EV3W64CV;
				ENABLE_PREVIEWS = YES;
				INFOPLIST_FILE = client/Info.plist;
				IPHONEOS_DEPLOYMENT_TARGET = 14.0;
				LD_RUNPATH_SEARCH_PATHS = (
					"$(inherited)",
					"@executable_path/Frameworks",
				);
				PRODUCT_BUNDLE_IDENTIFIER = com.benjaminchatapp.client;
				PRODUCT_NAME = "$(TARGET_NAME)";
				SWIFT_VERSION = 5.0;
				TARGETED_DEVICE_FAMILY = "1,2";
			};
			name = Release;
		};
		6941B78326DB96CB00EB4EB4 /* Debug */ = {
			isa = XCBuildConfiguration;
			buildSettings = {
				ALWAYS_EMBED_SWIFT_STANDARD_LIBRARIES = YES;
				BUNDLE_LOADER = "$(TEST_HOST)";
				CODE_SIGN_STYLE = Automatic;
				DEVELOPMENT_TEAM = N4EV3W64CV;
				INFOPLIST_FILE = clientTests/Info.plist;
				IPHONEOS_DEPLOYMENT_TARGET = 14.0;
				LD_RUNPATH_SEARCH_PATHS = (
					"$(inherited)",
					"@executable_path/Frameworks",
					"@loader_path/Frameworks",
				);
				PRODUCT_BUNDLE_IDENTIFIER = com.benjaminchatapp.clientTests;
				PRODUCT_NAME = "$(TARGET_NAME)";
				SWIFT_VERSION = 5.0;
				TARGETED_DEVICE_FAMILY = "1,2";
				TEST_HOST = "$(BUILT_PRODUCTS_DIR)/client.app/client";
			};
			name = Debug;
		};
		6941B78426DB96CB00EB4EB4 /* Release */ = {
			isa = XCBuildConfiguration;
			buildSettings = {
				ALWAYS_EMBED_SWIFT_STANDARD_LIBRARIES = YES;
				BUNDLE_LOADER = "$(TEST_HOST)";
				CODE_SIGN_STYLE = Automatic;
				DEVELOPMENT_TEAM = N4EV3W64CV;
				INFOPLIST_FILE = clientTests/Info.plist;
				IPHONEOS_DEPLOYMENT_TARGET = 14.0;
				LD_RUNPATH_SEARCH_PATHS = (
					"$(inherited)",
					"@executable_path/Frameworks",
					"@loader_path/Frameworks",
				);
				PRODUCT_BUNDLE_IDENTIFIER = com.benjaminchatapp.clientTests;
				PRODUCT_NAME = "$(TARGET_NAME)";
				SWIFT_VERSION = 5.0;
				TARGETED_DEVICE_FAMILY = "1,2";
				TEST_HOST = "$(BUILT_PRODUCTS_DIR)/client.app/client";
			};
			name = Release;
		};
		6941B78626DB96CB00EB4EB4 /* Debug */ = {
			isa = XCBuildConfiguration;
			buildSettings = {
				ALWAYS_EMBED_SWIFT_STANDARD_LIBRARIES = YES;
				CODE_SIGN_STYLE = Automatic;
				DEVELOPMENT_TEAM = N4EV3W64CV;
				INFOPLIST_FILE = clientUITests/Info.plist;
				LD_RUNPATH_SEARCH_PATHS = (
					"$(inherited)",
					"@executable_path/Frameworks",
					"@loader_path/Frameworks",
				);
				PRODUCT_BUNDLE_IDENTIFIER = com.benjaminchatapp.clientUITests;
				PRODUCT_NAME = "$(TARGET_NAME)";
				SWIFT_VERSION = 5.0;
				TARGETED_DEVICE_FAMILY = "1,2";
				TEST_TARGET_NAME = client;
			};
			name = Debug;
		};
		6941B78726DB96CB00EB4EB4 /* Release */ = {
			isa = XCBuildConfiguration;
			buildSettings = {
				ALWAYS_EMBED_SWIFT_STANDARD_LIBRARIES = YES;
				CODE_SIGN_STYLE = Automatic;
				DEVELOPMENT_TEAM = N4EV3W64CV;
				INFOPLIST_FILE = clientUITests/Info.plist;
				LD_RUNPATH_SEARCH_PATHS = (
					"$(inherited)",
					"@executable_path/Frameworks",
					"@loader_path/Frameworks",
				);
				PRODUCT_BUNDLE_IDENTIFIER = com.benjaminchatapp.clientUITests;
				PRODUCT_NAME = "$(TARGET_NAME)";
				SWIFT_VERSION = 5.0;
				TARGETED_DEVICE_FAMILY = "1,2";
				TEST_TARGET_NAME = client;
			};
			name = Release;
		};
/* End XCBuildConfiguration section */

/* Begin XCConfigurationList section */
		6941B75526DB96C800EB4EB4 /* Build configuration list for PBXProject "client" */ = {
			isa = XCConfigurationList;
			buildConfigurations = (
				6941B77D26DB96CB00EB4EB4 /* Debug */,
				6941B77E26DB96CB00EB4EB4 /* Release */,
			);
			defaultConfigurationIsVisible = 0;
			defaultConfigurationName = Release;
		};
		6941B77F26DB96CB00EB4EB4 /* Build configuration list for PBXNativeTarget "client" */ = {
			isa = XCConfigurationList;
			buildConfigurations = (
				6941B78026DB96CB00EB4EB4 /* Debug */,
				6941B78126DB96CB00EB4EB4 /* Release */,
			);
			defaultConfigurationIsVisible = 0;
			defaultConfigurationName = Release;
		};
		6941B78226DB96CB00EB4EB4 /* Build configuration list for PBXNativeTarget "clientTests" */ = {
			isa = XCConfigurationList;
			buildConfigurations = (
				6941B78326DB96CB00EB4EB4 /* Debug */,
				6941B78426DB96CB00EB4EB4 /* Release */,
			);
			defaultConfigurationIsVisible = 0;
			defaultConfigurationName = Release;
		};
		6941B78526DB96CB00EB4EB4 /* Build configuration list for PBXNativeTarget "clientUITests" */ = {
			isa = XCConfigurationList;
			buildConfigurations = (
				6941B78626DB96CB00EB4EB4 /* Debug */,
				6941B78726DB96CB00EB4EB4 /* Release */,
			);
			defaultConfigurationIsVisible = 0;
			defaultConfigurationName = Release;
		};
/* End XCConfigurationList section */
	};
	rootObject = 6941B75226DB96C800EB4EB4 /* Project object */;
}
